// !$*UTF8*$!
{
	archiveVersion = 1;
	classes = {
	};
	objectVersion = 48;
	objects = {

/* Begin PBXBuildFile section */
		DAB0971C1FD758E7005FAD60 /* AppDelegate.swift in Sources */ = {isa = PBXBuildFile; fileRef = DAB0971B1FD758E7005FAD60 /* AppDelegate.swift */; };
		DAB0971E1FD758E7005FAD60 /* ViewController.swift in Sources */ = {isa = PBXBuildFile; fileRef = DAB0971D1FD758E7005FAD60 /* ViewController.swift */; };
		DAB097211FD758E7005FAD60 /* Main.storyboard in Resources */ = {isa = PBXBuildFile; fileRef = DAB0971F1FD758E7005FAD60 /* Main.storyboard */; };
		DAB097231FD758E7005FAD60 /* Assets.xcassets in Resources */ = {isa = PBXBuildFile; fileRef = DAB097221FD758E7005FAD60 /* Assets.xcassets */; };
		DAB097261FD758E7005FAD60 /* LaunchScreen.storyboard in Resources */ = {isa = PBXBuildFile; fileRef = DAB097241FD758E7005FAD60 /* LaunchScreen.storyboard */; };
/* End PBXBuildFile section */

/* Begin PBXFileReference section */
		DAB097181FD758E7005FAD60 /* Kenroko VRC.app */ = {isa = PBXFileReference; explicitFileType = wrapper.application; includeInIndex = 0; path = "Kenroko VRC.app"; sourceTree = BUILT_PRODUCTS_DIR; };
		DAB0971B1FD758E7005FAD60 /* AppDelegate.swift */ = {isa = PBXFileReference; lastKnownFileType = sourcecode.swift; path = AppDelegate.swift; sourceTree = "<group>"; };
		DAB0971D1FD758E7005FAD60 /* ViewController.swift */ = {isa = PBXFileReference; lastKnownFileType = sourcecode.swift; path = ViewController.swift; sourceTree = "<group>"; };
		DAB097201FD758E7005FAD60 /* Base */ = {isa = PBXFileReference; lastKnownFileType = file.storyboard; name = Base; path = Base.lproj/Main.storyboard; sourceTree = "<group>"; };
		DAB097221FD758E7005FAD60 /* Assets.xcassets */ = {isa = PBXFileReference; lastKnownFileType = folder.assetcatalog; path = Assets.xcassets; sourceTree = "<group>"; };
		DAB097251FD758E7005FAD60 /* Base */ = {isa = PBXFileReference; lastKnownFileType = file.storyboard; name = Base; path = Base.lproj/LaunchScreen.storyboard; sourceTree = "<group>"; };
		DAB097271FD758E7005FAD60 /* Info.plist */ = {isa = PBXFileReference; lastKnownFileType = text.plist.xml; path = Info.plist; sourceTree = "<group>"; };
/* End PBXFileReference section */

/* Begin PBXFrameworksBuildPhase section */
		DAB097151FD758E7005FAD60 /* Frameworks */ = {
			isa = PBXFrameworksBuildPhase;
			buildActionMask = 2147483647;
			files = (
			);
			runOnlyForDeploymentPostprocessing = 0;
		};
/* End PBXFrameworksBuildPhase section */

/* Begin PBXGroup section */
		DAB0970F1FD758E6005FAD60 = {
			isa = PBXGroup;
			children = (
				DAB0971A1FD758E7005FAD60 /* Kenroko VRC */,
				DAB097191FD758E7005FAD60 /* Products */,
			);
			sourceTree = "<group>";
		};
		DAB097191FD758E7005FAD60 /* Products */ = {
			isa = PBXGroup;
			children = (
				DAB097181FD758E7005FAD60 /* Kenroko VRC.app */,
			);
			name = Products;
			sourceTree = "<group>";
		};
		DAB0971A1FD758E7005FAD60 /* Kenroko VRC */ = {
			isa = PBXGroup;
			children = (
				DAB0971B1FD758E7005FAD60 /* AppDelegate.swift */,
				DAB0971D1FD758E7005FAD60 /* ViewController.swift */,
				DAB0971F1FD758E7005FAD60 /* Main.storyboard */,
				DAB097221FD758E7005FAD60 /* Assets.xcassets */,
				DAB097241FD758E7005FAD60 /* LaunchScreen.storyboard */,
				DAB097271FD758E7005FAD60 /* Info.plist */,
			);
			path = "Kenroko VRC";
			sourceTree = "<group>";
		};
/* End PBXGroup section */

/* Begin PBXNativeTarget section */
		DAB097171FD758E7005FAD60 /* Kenroko VRC */ = {
			isa = PBXNativeTarget;
			buildConfigurationList = DAB0972A1FD758E7005FAD60 /* Build configuration list for PBXNativeTarget "Kenroko VRC" */;
			buildPhases = (
				DAB097141FD758E7005FAD60 /* Sources */,
				DAB097151FD758E7005FAD60 /* Frameworks */,
				DAB097161FD758E7005FAD60 /* Resources */,
			);
			buildRules = (
			);
			dependencies = (
			);
			name = "Kenroko VRC";
			productName = "Kenroko VRC";
			productReference = DAB097181FD758E7005FAD60 /* Kenroko VRC.app */;
			productType = "com.apple.product-type.application";
		};
/* End PBXNativeTarget section */

/* Begin PBXProject section */
		DAB097101FD758E6005FAD60 /* Project object */ = {
			isa = PBXProject;
			attributes = {
				LastSwiftUpdateCheck = 0910;
				LastUpgradeCheck = 0910;
				ORGANIZATIONNAME = Kenroko;
				TargetAttributes = {
					DAB097171FD758E7005FAD60 = {
						CreatedOnToolsVersion = 9.1;
						ProvisioningStyle = Automatic;
					};
				};
			};
			buildConfigurationList = DAB097131FD758E6005FAD60 /* Build configuration list for PBXProject "Kenroko VRC" */;
			compatibilityVersion = "Xcode 8.0";
			developmentRegion = en;
			hasScannedForEncodings = 0;
			knownRegions = (
				en,
				Base,
			);
			mainGroup = DAB0970F1FD758E6005FAD60;
			productRefGroup = DAB097191FD758E7005FAD60 /* Products */;
			projectDirPath = "";
			projectRoot = "";
			targets = (
				DAB097171FD758E7005FAD60 /* Kenroko VRC */,
			);
		};
/* End PBXProject section */

/* Begin PBXResourcesBuildPhase section */
		DAB097161FD758E7005FAD60 /* Resources */ = {
			isa = PBXResourcesBuildPhase;
			buildActionMask = 2147483647;
			files = (
				DAB097261FD758E7005FAD60 /* LaunchScreen.storyboard in Resources */,
				DAB097231FD758E7005FAD60 /* Assets.xcassets in Resources */,
				DAB097211FD758E7005FAD60 /* Main.storyboard in Resources */,
			);
			runOnlyForDeploymentPostprocessing = 0;
		};
/* End PBXResourcesBuildPhase section */

/* Begin PBXSourcesBuildPhase section */
		DAB097141FD758E7005FAD60 /* Sources */ = {
			isa = PBXSourcesBuildPhase;
			buildActionMask = 2147483647;
			files = (
				DAB0971E1FD758E7005FAD60 /* ViewController.swift in Sources */,
				DAB0971C1FD758E7005FAD60 /* AppDelegate.swift in Sources */,
			);
			runOnlyForDeploymentPostprocessing = 0;
		};
/* End PBXSourcesBuildPhase section */

/* Begin PBXVariantGroup section */
		DAB0971F1FD758E7005FAD60 /* Main.storyboard */ = {
			isa = PBXVariantGroup;
			children = (
				DAB097201FD758E7005FAD60 /* Base */,
			);
			name = Main.storyboard;
			sourceTree = "<group>";
		};
		DAB097241FD758E7005FAD60 /* LaunchScreen.storyboard */ = {
			isa = PBXVariantGroup;
			children = (
				DAB097251FD758E7005FAD60 /* Base */,
			);
			name = LaunchScreen.storyboard;
			sourceTree = "<group>";
		};
/* End PBXVariantGroup section */

/* Begin XCBuildConfiguration section */
		DAB097281FD758E7005FAD60 /* Debug */ = {
			isa = XCBuildConfiguration;
			buildSettings = {
				ALWAYS_SEARCH_USER_PATHS = NO;
				CLANG_ANALYZER_NONNULL = YES;
				CLANG_ANALYZER_NUMBER_OBJECT_CONVERSION = YES_AGGRESSIVE;
				CLANG_CXX_LANGUAGE_STANDARD = "gnu++14";
				CLANG_CXX_LIBRARY = "libc++";
				CLANG_ENABLE_MODULES = YES;
				CLANG_ENABLE_OBJC_ARC = YES;
				CLANG_WARN_BLOCK_CAPTURE_AUTORELEASING = YES;
				CLANG_WARN_BOOL_CONVERSION = YES;
				CLANG_WARN_COMMA = YES;
				CLANG_WARN_CONSTANT_CONVERSION = YES;
				CLANG_WARN_DIRECT_OBJC_ISA_USAGE = YES_ERROR;
				CLANG_WARN_DOCUMENTATION_COMMENTS = YES;
				CLANG_WARN_EMPTY_BODY = YES;
				CLANG_WARN_ENUM_CONVERSION = YES;
				CLANG_WARN_INFINITE_RECURSION = YES;
				CLANG_WARN_INT_CONVERSION = YES;
				CLANG_WARN_NON_LITERAL_NULL_CONVERSION = YES;
				CLANG_WARN_OBJC_LITERAL_CONVERSION = YES;
				CLANG_WARN_OBJC_ROOT_CLASS = YES_ERROR;
				CLANG_WARN_RANGE_LOOP_ANALYSIS = YES;
				CLANG_WARN_STRICT_PROTOTYPES = YES;
				CLANG_WARN_SUSPICIOUS_MOVE = YES;
				CLANG_WARN_UNGUARDED_AVAILABILITY = YES_AGGRESSIVE;
				CLANG_WARN_UNREACHABLE_CODE = YES;
				CLANG_WARN__DUPLICATE_METHOD_MATCH = YES;
				CODE_SIGN_IDENTITY = "iPhone Developer";
				COPY_PHASE_STRIP = NO;
				DEBUG_INFORMATION_FORMAT = dwarf;
				ENABLE_STRICT_OBJC_MSGSEND = YES;
				ENABLE_TESTABILITY = YES;
				GCC_C_LANGUAGE_STANDARD = gnu11;
				GCC_DYNAMIC_NO_PIC = NO;
				GCC_NO_COMMON_BLOCKS = YES;
				GCC_OPTIMIZATION_LEVEL = 0;
				GCC_PREPROCESSOR_DEFINITIONS = (
					"DEBUG=1",
					"$(inherited)",
				);
				GCC_WARN_64_TO_32_BIT_CONVERSION = YES;
				GCC_WARN_ABOUT_RETURN_TYPE = YES_ERROR;
				GCC_WARN_UNDECLARED_SELECTOR = YES;
				GCC_WARN_UNINITIALIZED_AUTOS = YES_AGGRESSIVE;
				GCC_WARN_UNUSED_FUNCTION = YES;
				GCC_WARN_UNUSED_VARIABLE = YES;
				IPHONEOS_DEPLOYMENT_TARGET = 11.1;
				MTL_ENABLE_DEBUG_INFO = YES;
				ONLY_ACTIVE_ARCH = YES;
				SDKROOT = iphoneos;
				SWIFT_ACTIVE_COMPILATION_CONDITIONS = DEBUG;
				SWIFT_OPTIMIZATION_LEVEL = "-Onone";
			};
			name = Debug;
		};
		DAB097291FD758E7005FAD60 /* Release */ = {
			isa = XCBuildConfiguration;
			buildSettings = {
				ALWAYS_SEARCH_USER_PATHS = NO;
				CLANG_ANALYZER_NONNULL = YES;
				CLANG_ANALYZER_NUMBER_OBJECT_CONVERSION = YES_AGGRESSIVE;
				CLANG_CXX_LANGUAGE_STANDARD = "gnu++14";
				CLANG_CXX_LIBRARY = "libc++";
				CLANG_ENABLE_MODULES = YES;
				CLANG_ENABLE_OBJC_ARC = YES;
				CLANG_WARN_BLOCK_CAPTURE_AUTORELEASING = YES;
				CLANG_WARN_BOOL_CONVERSION = YES;
				CLANG_WARN_COMMA = YES;
				CLANG_WARN_CONSTANT_CONVERSION = YES;
				CLANG_WARN_DIRECT_OBJC_ISA_USAGE = YES_ERROR;
				CLANG_WARN_DOCUMENTATION_COMMENTS = YES;
				CLANG_WARN_EMPTY_BODY = YES;
				CLANG_WARN_ENUM_CONVERSION = YES;
				CLANG_WARN_INFINITE_RECURSION = YES;
				CLANG_WARN_INT_CONVERSION = YES;
				CLANG_WARN_NON_LITERAL_NULL_CONVERSION = YES;
				CLANG_WARN_OBJC_LITERAL_CONVERSION = YES;
				CLANG_WARN_OBJC_ROOT_CLASS = YES_ERROR;
				CLANG_WARN_RANGE_LOOP_ANALYSIS = YES;
				CLANG_WARN_STRICT_PROTOTYPES = YES;
				CLANG_WARN_SUSPICIOUS_MOVE = YES;
				CLANG_WARN_UNGUARDED_AVAILABILITY = YES_AGGRESSIVE;
				CLANG_WARN_UNREACHABLE_CODE = YES;
				CLANG_WARN__DUPLICATE_METHOD_MATCH = YES;
				CODE_SIGN_IDENTITY = "iPhone Developer";
				COPY_PHASE_STRIP = NO;
				DEBUG_INFORMATION_FORMAT = "dwarf-with-dsym";
				ENABLE_NS_ASSERTIONS = NO;
				ENABLE_STRICT_OBJC_MSGSEND = YES;
				GCC_C_LANGUAGE_STANDARD = gnu11;
				GCC_NO_COMMON_BLOCKS = YES;
				GCC_WARN_64_TO_32_BIT_CONVERSION = YES;
				GCC_WARN_ABOUT_RETURN_TYPE = YES_ERROR;
				GCC_WARN_UNDECLARED_SELECTOR = YES;
				GCC_WARN_UNINITIALIZED_AUTOS = YES_AGGRESSIVE;
				GCC_WARN_UNUSED_FUNCTION = YES;
				GCC_WARN_UNUSED_VARIABLE = YES;
				IPHONEOS_DEPLOYMENT_TARGET = 11.1;
				MTL_ENABLE_DEBUG_INFO = NO;
				SDKROOT = iphoneos;
				SWIFT_OPTIMIZATION_LEVEL = "-Owholemodule";
				VALIDATE_PRODUCT = YES;
			};
			name = Release;
		};
		DAB0972B1FD758E7005FAD60 /* Debug */ = {
			isa = XCBuildConfiguration;
			buildSettings = {
				ASSETCATALOG_COMPILER_APPICON_NAME = AppIcon;
				CODE_SIGN_STYLE = Automatic;
				INFOPLIST_FILE = "Kenroko VRC/Info.plist";
				LD_RUNPATH_SEARCH_PATHS = "$(inherited) @executable_path/Frameworks";
				PRODUCT_BUNDLE_IDENTIFIER = "Kenroko.Kenroko-VRC";
				PRODUCT_NAME = "$(TARGET_NAME)";
				SWIFT_VERSION = 4.0;
				TARGETED_DEVICE_FAMILY = "1,2";
			};
			name = Debug;
		};
		DAB0972C1FD758E7005FAD60 /* Release */ = {
			isa = XCBuildConfiguration;
			buildSettings = {
				ASSETCATALOG_COMPILER_APPICON_NAME = AppIcon;
				CODE_SIGN_STYLE = Automatic;
				INFOPLIST_FILE = "Kenroko VRC/Info.plist";
				LD_RUNPATH_SEARCH_PATHS = "$(inherited) @executable_path/Frameworks";
				PRODUCT_BUNDLE_IDENTIFIER = "Kenroko.Kenroko-VRC";
				PRODUCT_NAME = "$(TARGET_NAME)";
				SWIFT_VERSION = 4.0;
				TARGETED_DEVICE_FAMILY = "1,2";
			};
			name = Release;
		};
/* End XCBuildConfiguration section */

/* Begin XCConfigurationList section */
		DAB097131FD758E6005FAD60 /* Build configuration list for PBXProject "Kenroko VRC" */ = {
			isa = XCConfigurationList;
			buildConfigurations = (
				DAB097281FD758E7005FAD60 /* Debug */,
				DAB097291FD758E7005FAD60 /* Release */,
			);
			defaultConfigurationIsVisible = 0;
			defaultConfigurationName = Release;
		};
		DAB0972A1FD758E7005FAD60 /* Build configuration list for PBXNativeTarget "Kenroko VRC" */ = {
			isa = XCConfigurationList;
			buildConfigurations = (
				DAB0972B1FD758E7005FAD60 /* Debug */,
				DAB0972C1FD758E7005FAD60 /* Release */,
			);
			defaultConfigurationIsVisible = 0;
			defaultConfigurationName = Release;
		};
/* End XCConfigurationList section */
	};
	rootObject = DAB097101FD758E6005FAD60 /* Project object */;
}
